
Microsoft Visual Studio Solution File, Format Version 12.00
# Visual Studio Version 17
VisualStudioVersion = 17.9.34714.143
MinimumVisualStudioVersion = 10.0.40219.1
Project("{9A19103F-16F7-4668-BE54-9A1E7A4F7556}") = "WebApp1", "WebApp1.csproj", "{A6DE7312-3D39-4288-9406-AAB2DC7051A8}"
EndProject
Project("{9A19103F-16F7-4668-BE54-9A1E7A4F7556}") = "CoreBusiness", "..\CoreBusiness\CoreBusiness.csproj", "{EB2AF019-CCDC-4502-AB2B-1FCF0E001617}"
EndProject
Project("{9A19103F-16F7-4668-BE54-9A1E7A4F7556}") = "UseCases", "..\UseCases\UseCases.csproj", "{696A8A96-62AA-403F-BC38-598ED35DA6C7}"
EndProject
Project("{2150E333-8FDC-42A3-9474-1A3956D46DE8}") = "Plugins", "Plugins", "{7E2EFAAC-F37E-4441-A54A-88054242A5BF}"
EndProject
Project("{9A19103F-16F7-4668-BE54-9A1E7A4F7556}") = "Plugins.DataStore.InMemory", "..\Plugins\Plugins.DataStore.InMemory\Plugins.DataStore.InMemory.csproj", "{B4A519A1-E188-482A-9B93-A06994EBCFFA}"
EndProject
Project("{FAE04EC0-301F-11D3-BF4B-00C04F79EFBC}") = "Plugins.DataStore.SQL", "..\Plugins\Plugins.DataStore.SQL\Plugins.DataStore.SQL.csproj", "{4FB4B7BD-B37E-472C-9786-2427E3ECA8E3}"
EndProject
Global
	GlobalSection(SolutionConfigurationPlatforms) = preSolution
		Debug|Any CPU = Debug|Any CPU
		Release|Any CPU = Release|Any CPU
	EndGlobalSection
	GlobalSection(ProjectConfigurationPlatforms) = postSolution
		{A6DE7312-3D39-4288-9406-AAB2DC7051A8}.Debug|Any CPU.ActiveCfg = Debug|Any CPU
		{A6DE7312-3D39-4288-9406-AAB2DC7051A8}.Debug|Any CPU.Build.0 = Debug|Any CPU
		{A6DE7312-3D39-4288-9406-AAB2DC7051A8}.Release|Any CPU.ActiveCfg = Release|Any CPU
		{A6DE7312-3D39-4288-9406-AAB2DC7051A8}.Release|Any CPU.Build.0 = Release|Any CPU
		{EB2AF019-CCDC-4502-AB2B-1FCF0E001617}.Debug|Any CPU.ActiveCfg = Debug|Any CPU
		{EB2AF019-CCDC-4502-AB2B-1FCF0E001617}.Debug|Any CPU.Build.0 = Debug|Any CPU
		{EB2AF019-CCDC-4502-AB2B-1FCF0E001617}.Release|Any CPU.ActiveCfg = Release|Any CPU
		{EB2AF019-CCDC-4502-AB2B-1FCF0E001617}.Release|Any CPU.Build.0 = Release|Any CPU
		{696A8A96-62AA-403F-BC38-598ED35DA6C7}.Debug|Any CPU.ActiveCfg = Debug|Any CPU
		{696A8A96-62AA-403F-BC38-598ED35DA6C7}.Debug|Any CPU.Build.0 = Debug|Any CPU
		{696A8A96-62AA-403F-BC38-598ED35DA6C7}.Release|Any CPU.ActiveCfg = Release|Any CPU
		{696A8A96-62AA-403F-BC38-598ED35DA6C7}.Release|Any CPU.Build.0 = Release|Any CPU
		{B4A519A1-E188-482A-9B93-A06994EBCFFA}.Debug|Any CPU.ActiveCfg = Debug|Any CPU
		{B4A519A1-E188-482A-9B93-A06994EBCFFA}.Debug|Any CPU.Build.0 = Debug|Any CPU
		{B4A519A1-E188-482A-9B93-A06994EBCFFA}.Release|Any CPU.ActiveCfg = Release|Any CPU
		{B4A519A1-E188-482A-9B93-A06994EBCFFA}.Release|Any CPU.Build.0 = Release|Any CPU
		{4FB4B7BD-B37E-472C-9786-2427E3ECA8E3}.Debug|Any CPU.ActiveCfg = Debug|Any CPU
		{4FB4B7BD-B37E-472C-9786-2427E3ECA8E3}.Debug|Any CPU.Build.0 = Debug|Any CPU
		{4FB4B7BD-B37E-472C-9786-2427E3ECA8E3}.Release|Any CPU.ActiveCfg = Release|Any CPU
		{4FB4B7BD-B37E-472C-9786-2427E3ECA8E3}.Release|Any CPU.Build.0 = Release|Any CPU
	EndGlobalSection
	GlobalSection(SolutionProperties) = preSolution
		HideSolutionNode = FALSE
	EndGlobalSection
	GlobalSection(NestedProjects) = preSolution
		{B4A519A1-E188-482A-9B93-A06994EBCFFA} = {7E2EFAAC-F37E-4441-A54A-88054242A5BF}
		{4FB4B7BD-B37E-472C-9786-2427E3ECA8E3} = {7E2EFAAC-F37E-4441-A54A-88054242A5BF}
	EndGlobalSection
	GlobalSection(ExtensibilityGlobals) = postSolution
		SolutionGuid = {F18AA94A-4B86-4FF9-802C-A4C82FE2CCDB}
	EndGlobalSection
EndGlobal
